
Microsoft Visual Studio Solution File, Format Version 12.00
# Visual Studio Version 17
VisualStudioVersion = 17.9.34622.214
MinimumVisualStudioVersion = 10.0.40219.1
Project("{FAE04EC0-301F-11D3-BF4B-00C04F79EFBC}") = "LAB03", "LAB03\LAB03.csproj", "{C2E1F49A-BD41-46E0-BE0E-3C1E9D48744D}"
EndProject
Global
	GlobalSection(SolutionConfigurationPlatforms) = preSolution
		Debug|Any CPU = Debug|Any CPU
		Release|Any CPU = Release|Any CPU
	EndGlobalSection
	GlobalSection(ProjectConfigurationPlatforms) = postSolution
		{C2E1F49A-BD41-46E0-BE0E-3C1E9D48744D}.Debug|Any CPU.ActiveCfg = Debug|Any CPU
		{C2E1F49A-BD41-46E0-BE0E-3C1E9D48744D}.Debug|Any CPU.Build.0 = Debug|Any CPU
		{C2E1F49A-BD41-46E0-BE0E-3C1E9D48744D}.Release|Any CPU.ActiveCfg = Release|Any CPU
		{C2E1F49A-BD41-46E0-BE0E-3C1E9D48744D}.Release|Any CPU.Build.0 = Release|Any CPU
	EndGlobalSection
	GlobalSection(SolutionProperties) = preSolution
		HideSolutionNode = FALSE
	EndGlobalSection
	GlobalSection(ExtensibilityGlobals) = postSolution
		SolutionGuid = {BD4AFB34-BE9E-4A85-A38C-804B9BA337B9}
	EndGlobalSection
EndGlobal
